// !$*UTF8*$!
{
	archiveVersion = 1;
	classes = {
	};
	objectVersion = 77;
	objects = {

/* Begin PBXContainerItemProxy section */
		6D1B288B2E20BF130029C565 /* PBXContainerItemProxy */ = {
			isa = PBXContainerItemProxy;
			containerPortal = 6D1B28712E20BF120029C565 /* Project object */;
			proxyType = 1;
			remoteGlobalIDString = 6D1B28782E20BF120029C565;
			remoteInfo = Simmer;
		};
		6D1B28952E20BF130029C565 /* PBXContainerItemProxy */ = {
			isa = PBXContainerItemProxy;
			containerPortal = 6D1B28712E20BF120029C565 /* Project object */;
			proxyType = 1;
			remoteGlobalIDString = 6D1B28782E20BF120029C565;
			remoteInfo = Simmer;
		};
/* End PBXContainerItemProxy section */

/* Begin PBXFileReference section */
		6D1B28792E20BF120029C565 /* Simmer.app */ = {isa = PBXFileReference; explicitFileType = wrapper.application; includeInIndex = 0; path = Simmer.app; sourceTree = BUILT_PRODUCTS_DIR; };
		6D1B288A2E20BF130029C565 /* SimmerTests.xctest */ = {isa = PBXFileReference; explicitFileType = wrapper.cfbundle; includeInIndex = 0; path = SimmerTests.xctest; sourceTree = BUILT_PRODUCTS_DIR; };
		6D1B28942E20BF130029C565 /* SimmerUITests.xctest */ = {isa = PBXFileReference; explicitFileType = wrapper.cfbundle; includeInIndex = 0; path = SimmerUITests.xctest; sourceTree = BUILT_PRODUCTS_DIR; };
/* End PBXFileReference section */

/* Begin PBXFileSystemSynchronizedBuildFileExceptionSet section */
		6D1B28D32E216E190029C565 /* Exceptions for "Simmer" folder in "Simmer" target */ = {
			isa = PBXFileSystemSynchronizedBuildFileExceptionSet;
			membershipExceptions = (
				Info.plist,
			);
			target = 6D1B28782E20BF120029C565 /* Simmer */;
		};
/* End PBXFileSystemSynchronizedBuildFileExceptionSet section */

/* Begin PBXFileSystemSynchronizedRootGroup section */
		6D1B287B2E20BF120029C565 /* Simmer */ = {
			isa = PBXFileSystemSynchronizedRootGroup;
			exceptions = (
				6D1B28D32E216E190029C565 /* Exceptions for "Simmer" folder in "Simmer" target */,
			);
			path = Simmer;
			sourceTree = "<group>";
		};
		6D1B288D2E20BF130029C565 /* SimmerTests */ = {
			isa = PBXFileSystemSynchronizedRootGroup;
			path = SimmerTests;
			sourceTree = "<group>";
		};
		6D1B28972E20BF130029C565 /* SimmerUITests */ = {
			isa = PBXFileSystemSynchronizedRootGroup;
			path = SimmerUITests;
			sourceTree = "<group>";
		};
/* End PBXFileSystemSynchronizedRootGroup section */

/* Begin PBXFrameworksBuildPhase section */
		6D1B28762E20BF120029C565 /* Frameworks */ = {
			isa = PBXFrameworksBuildPhase;
			buildActionMask = 2147483647;
			files = (
			);
			runOnlyForDeploymentPostprocessing = 0;
		};
		6D1B28872E20BF130029C565 /* Frameworks */ = {
			isa = PBXFrameworksBuildPhase;
			buildActionMask = 2147483647;
			files = (
			);
			runOnlyForDeploymentPostprocessing = 0;
		};
		6D1B28912E20BF130029C565 /* Frameworks */ = {
			isa = PBXFrameworksBuildPhase;
			buildActionMask = 2147483647;
			files = (
			);
			runOnlyForDeploymentPostprocessing = 0;
		};
/* End PBXFrameworksBuildPhase section */

/* Begin PBXGroup section */
		6D1B28702E20BF120029C565 = {
			isa = PBXGroup;
			children = (
				6D1B287B2E20BF120029C565 /* Simmer */,
				6D1B288D2E20BF130029C565 /* SimmerTests */,
				6D1B28972E20BF130029C565 /* SimmerUITests */,
				6D1B287A2E20BF120029C565 /* Products */,
			);
			sourceTree = "<group>";
		};
		6D1B287A2E20BF120029C565 /* Products */ = {
			isa = PBXGroup;
			children = (
				6D1B28792E20BF120029C565 /* Simmer.app */,
				6D1B288A2E20BF130029C565 /* SimmerTests.xctest */,
				6D1B28942E20BF130029C565 /* SimmerUITests.xctest */,
			);
			name = Products;
			sourceTree = "<group>";
		};
/* End PBXGroup section */

/* Begin PBXNativeTarget section */
		6D1B28782E20BF120029C565 /* Simmer */ = {
			isa = PBXNativeTarget;
			buildConfigurationList = 6D1B289E2E20BF130029C565 /* Build configuration list for PBXNativeTarget "Simmer" */;
			buildPhases = (
				6D1B28752E20BF120029C565 /* Sources */,
				6D1B28762E20BF120029C565 /* Frameworks */,
				6D1B28772E20BF120029C565 /* Resources */,
			);
			buildRules = (
			);
			dependencies = (
			);
			fileSystemSynchronizedGroups = (
				6D1B287B2E20BF120029C565 /* Simmer */,
			);
			name = Simmer;
			packageProductDependencies = (
			);
			productName = Simmer;
			productReference = 6D1B28792E20BF120029C565 /* Simmer.app */;
			productType = "com.apple.product-type.application";
		};
		6D1B28892E20BF130029C565 /* SimmerTests */ = {
			isa = PBXNativeTarget;
			buildConfigurationList = 6D1B28A12E20BF130029C565 /* Build configuration list for PBXNativeTarget "SimmerTests" */;
			buildPhases = (
				6D1B28862E20BF130029C565 /* Sources */,
				6D1B28872E20BF130029C565 /* Frameworks */,
				6D1B28882E20BF130029C565 /* Resources */,
			);
			buildRules = (
			);
			dependencies = (
				6D1B288C2E20BF130029C565 /* PBXTargetDependency */,
			);
			fileSystemSynchronizedGroups = (
				6D1B288D2E20BF130029C565 /* SimmerTests */,
			);
			name = SimmerTests;
			packageProductDependencies = (
			);
			productName = SimmerTests;
			productReference = 6D1B288A2E20BF130029C565 /* SimmerTests.xctest */;
			productType = "com.apple.product-type.bundle.unit-test";
		};
		6D1B28932E20BF130029C565 /* SimmerUITests */ = {
			isa = PBXNativeTarget;
			buildConfigurationList = 6D1B28A42E20BF130029C565 /* Build configuration list for PBXNativeTarget "SimmerUITests" */;
			buildPhases = (
				6D1B28902E20BF130029C565 /* Sources */,
				6D1B28912E20BF130029C565 /* Frameworks */,
				6D1B28922E20BF130029C565 /* Resources */,
			);
			buildRules = (
			);
			dependencies = (
				6D1B28962E20BF130029C565 /* PBXTargetDependency */,
			);
			fileSystemSynchronizedGroups = (
				6D1B28972E20BF130029C565 /* SimmerUITests */,
			);
			name = SimmerUITests;
			packageProductDependencies = (
			);
			productName = SimmerUITests;
			productReference = 6D1B28942E20BF130029C565 /* SimmerUITests.xctest */;
			productType = "com.apple.product-type.bundle.ui-testing";
		};
/* End PBXNativeTarget section */

/* Begin PBXProject section */
		6D1B28712E20BF120029C565 /* Project object */ = {
			isa = PBXProject;
			attributes = {
				BuildIndependentTargetsInParallel = 1;
				LastSwiftUpdateCheck = 1620;
				LastUpgradeCheck = 1620;
				TargetAttributes = {
					6D1B28782E20BF120029C565 = {
						CreatedOnToolsVersion = 16.2;
					};
					6D1B28892E20BF130029C565 = {
						CreatedOnToolsVersion = 16.2;
						TestTargetID = 6D1B28782E20BF120029C565;
					};
					6D1B28932E20BF130029C565 = {
						CreatedOnToolsVersion = 16.2;
						TestTargetID = 6D1B28782E20BF120029C565;
					};
				};
			};
			buildConfigurationList = 6D1B28742E20BF120029C565 /* Build configuration list for PBXProject "Simmer" */;
			developmentRegion = en;
			hasScannedForEncodings = 0;
			knownRegions = (
				en,
				Base,
			);
			mainGroup = 6D1B28702E20BF120029C565;
			minimizedProjectReferenceProxies = 1;
			preferredProjectObjectVersion = 77;
			productRefGroup = 6D1B287A2E20BF120029C565 /* Products */;
			projectDirPath = "";
			projectRoot = "";
			targets = (
				6D1B28782E20BF120029C565 /* Simmer */,
				6D1B28892E20BF130029C565 /* SimmerTests */,
				6D1B28932E20BF130029C565 /* SimmerUITests */,
			);
		};
/* End PBXProject section */

/* Begin PBXResourcesBuildPhase section */
		6D1B28772E20BF120029C565 /* Resources */ = {
			isa = PBXResourcesBuildPhase;
			buildActionMask = 2147483647;
			files = (
			);
			runOnlyForDeploymentPostprocessing = 0;
		};
		6D1B28882E20BF130029C565 /* Resources */ = {
			isa = PBXResourcesBuildPhase;
			buildActionMask = 2147483647;
			files = (
			);
			runOnlyForDeploymentPostprocessing = 0;
		};
		6D1B28922E20BF130029C565 /* Resources */ = {
			isa = PBXResourcesBuildPhase;
			buildActionMask = 2147483647;
			files = (
			);
			runOnlyForDeploymentPostprocessing = 0;
		};
/* End PBXResourcesBuildPhase section */

/* Begin PBXSourcesBuildPhase section */
		6D1B28752E20BF120029C565 /* Sources */ = {
			isa = PBXSourcesBuildPhase;
			buildActionMask = 2147483647;
			files = (
			);
			runOnlyForDeploymentPostprocessing = 0;
		};
		6D1B28862E20BF130029C565 /* Sources */ = {
			isa = PBXSourcesBuildPhase;
			buildActionMask = 2147483647;
			files = (
			);
			runOnlyForDeploymentPostprocessing = 0;
		};
		6D1B28902E20BF130029C565 /* Sources */ = {
			isa = PBXSourcesBuildPhase;
			buildActionMask = 2147483647;
			files = (
			);
			runOnlyForDeploymentPostprocessing = 0;
		};
/* End PBXSourcesBuildPhase section */

/* Begin PBXTargetDependency section */
		6D1B288C2E20BF130029C565 /* PBXTargetDependency */ = {
			isa = PBXTargetDependency;
			target = 6D1B28782E20BF120029C565 /* Simmer */;
			targetProxy = 6D1B288B2E20BF130029C565 /* PBXContainerItemProxy */;
		};
		6D1B28962E20BF130029C565 /* PBXTargetDependency */ = {
			isa = PBXTargetDependency;
			target = 6D1B28782E20BF120029C565 /* Simmer */;
			targetProxy = 6D1B28952E20BF130029C565 /* PBXContainerItemProxy */;
		};
/* End PBXTargetDependency section */

/* Begin XCBuildConfiguration section */
		6D1B289C2E20BF130029C565 /* Debug */ = {
			isa = XCBuildConfiguration;
			buildSettings = {
				ALWAYS_SEARCH_USER_PATHS = NO;
				ASSETCATALOG_COMPILER_GENERATE_SWIFT_ASSET_SYMBOL_EXTENSIONS = YES;
				CLANG_ANALYZER_NONNULL = YES;
				CLANG_ANALYZER_NUMBER_OBJECT_CONVERSION = YES_AGGRESSIVE;
				CLANG_CXX_LANGUAGE_STANDARD = "gnu++20";
				CLANG_ENABLE_MODULES = YES;
				CLANG_ENABLE_OBJC_ARC = YES;
				CLANG_ENABLE_OBJC_WEAK = YES;
				CLANG_WARN_BLOCK_CAPTURE_AUTORELEASING = YES;
				CLANG_WARN_BOOL_CONVERSION = YES;
				CLANG_WARN_COMMA = YES;
				CLANG_WARN_CONSTANT_CONVERSION = YES;
				CLANG_WARN_DEPRECATED_OBJC_IMPLEMENTATIONS = YES;
				CLANG_WARN_DIRECT_OBJC_ISA_USAGE = YES_ERROR;
				CLANG_WARN_DOCUMENTATION_COMMENTS = YES;
				CLANG_WARN_EMPTY_BODY = YES;
				CLANG_WARN_ENUM_CONVERSION = YES;
				CLANG_WARN_INFINITE_RECURSION = YES;
				CLANG_WARN_INT_CONVERSION = YES;
				CLANG_WARN_NON_LITERAL_NULL_CONVERSION = YES;
				CLANG_WARN_OBJC_IMPLICIT_RETAIN_SELF = YES;
				CLANG_WARN_OBJC_LITERAL_CONVERSION = YES;
				CLANG_WARN_OBJC_ROOT_CLASS = YES_ERROR;
				CLANG_WARN_QUOTED_INCLUDE_IN_FRAMEWORK_HEADER = YES;
				CLANG_WARN_RANGE_LOOP_ANALYSIS = YES;
				CLANG_WARN_STRICT_PROTOTYPES = YES;
				CLANG_WARN_SUSPICIOUS_MOVE = YES;
				CLANG_WARN_UNGUARDED_AVAILABILITY = YES_AGGRESSIVE;
				CLANG_WARN_UNREACHABLE_CODE = YES;
				CLANG_WARN__DUPLICATE_METHOD_MATCH = YES;
				COPY_PHASE_STRIP = NO;
				DEBUG_INFORMATION_FORMAT = dwarf;
				ENABLE_STRICT_OBJC_MSGSEND = YES;
				ENABLE_TESTABILITY = YES;
				ENABLE_USER_SCRIPT_SANDBOXING = YES;
				GCC_C_LANGUAGE_STANDARD = gnu17;
				GCC_DYNAMIC_NO_PIC = NO;
				GCC_NO_COMMON_BLOCKS = YES;
				GCC_OPTIMIZATION_LEVEL = 0;
				GCC_PREPROCESSOR_DEFINITIONS = (
					"DEBUG=1",
					"$(inherited)",
				);
				GCC_WARN_64_TO_32_BIT_CONVERSION = YES;
				GCC_WARN_ABOUT_RETURN_TYPE = YES_ERROR;
				GCC_WARN_UNDECLARED_SELECTOR = YES;
				GCC_WARN_UNINITIALIZED_AUTOS = YES_AGGRESSIVE;
				GCC_WARN_UNUSED_FUNCTION = YES;
				GCC_WARN_UNUSED_VARIABLE = YES;
				LOCALIZATION_PREFERS_STRING_CATALOGS = YES;
				MACOSX_DEPLOYMENT_TARGET = 15.2;
				MTL_ENABLE_DEBUG_INFO = INCLUDE_SOURCE;
				MTL_FAST_MATH = YES;
				ONLY_ACTIVE_ARCH = YES;
				SDKROOT = macosx;
				SWIFT_ACTIVE_COMPILATION_CONDITIONS = "DEBUG $(inherited)";
				SWIFT_OPTIMIZATION_LEVEL = "-Onone";
			};
			name = Debug;
		};
		6D1B289D2E20BF130029C565 /* Release */ = {
			isa = XCBuildConfiguration;
			buildSettings = {
				ALWAYS_SEARCH_USER_PATHS = NO;
				ASSETCATALOG_COMPILER_GENERATE_SWIFT_ASSET_SYMBOL_EXTENSIONS = YES;
				CLANG_ANALYZER_NONNULL = YES;
				CLANG_ANALYZER_NUMBER_OBJECT_CONVERSION = YES_AGGRESSIVE;
				CLANG_CXX_LANGUAGE_STANDARD = "gnu++20";
				CLANG_ENABLE_MODULES = YES;
				CLANG_ENABLE_OBJC_ARC = YES;
				CLANG_ENABLE_OBJC_WEAK = YES;
				CLANG_WARN_BLOCK_CAPTURE_AUTORELEASING = YES;
				CLANG_WARN_BOOL_CONVERSION = YES;
				CLANG_WARN_COMMA = YES;
				CLANG_WARN_CONSTANT_CONVERSION = YES;
				CLANG_WARN_DEPRECATED_OBJC_IMPLEMENTATIONS = YES;
				CLANG_WARN_DIRECT_OBJC_ISA_USAGE = YES_ERROR;
				CLANG_WARN_DOCUMENTATION_COMMENTS = YES;
				CLANG_WARN_EMPTY_BODY = YES;
				CLANG_WARN_ENUM_CONVERSION = YES;
				CLANG_WARN_INFINITE_RECURSION = YES;
				CLANG_WARN_INT_CONVERSION = YES;
				CLANG_WARN_NON_LITERAL_NULL_CONVERSION = YES;
				CLANG_WARN_OBJC_IMPLICIT_RETAIN_SELF = YES;
				CLANG_WARN_OBJC_LITERAL_CONVERSION = YES;
				CLANG_WARN_OBJC_ROOT_CLASS = YES_ERROR;
				CLANG_WARN_QUOTED_INCLUDE_IN_FRAMEWORK_HEADER = YES;
				CLANG_WARN_RANGE_LOOP_ANALYSIS = YES;
				CLANG_WARN_STRICT_PROTOTYPES = YES;
				CLANG_WARN_SUSPICIOUS_MOVE = YES;
				CLANG_WARN_UNGUARDED_AVAILABILITY = YES_AGGRESSIVE;
				CLANG_WARN_UNREACHABLE_CODE = YES;
				CLANG_WARN__DUPLICATE_METHOD_MATCH = YES;
				COPY_PHASE_STRIP = NO;
				DEBUG_INFORMATION_FORMAT = "dwarf-with-dsym";
				ENABLE_NS_ASSERTIONS = NO;
				ENABLE_STRICT_OBJC_MSGSEND = YES;
				ENABLE_USER_SCRIPT_SANDBOXING = YES;
				GCC_C_LANGUAGE_STANDARD = gnu17;
				GCC_NO_COMMON_BLOCKS = YES;
				GCC_WARN_64_TO_32_BIT_CONVERSION = YES;
				GCC_WARN_ABOUT_RETURN_TYPE = YES_ERROR;
				GCC_WARN_UNDECLARED_SELECTOR = YES;
				GCC_WARN_UNINITIALIZED_AUTOS = YES_AGGRESSIVE;
				GCC_WARN_UNUSED_FUNCTION = YES;
				GCC_WARN_UNUSED_VARIABLE = YES;
				LOCALIZATION_PREFERS_STRING_CATALOGS = YES;
				MACOSX_DEPLOYMENT_TARGET = 15.2;
				MTL_ENABLE_DEBUG_INFO = NO;
				MTL_FAST_MATH = YES;
				SDKROOT = macosx;
				SWIFT_COMPILATION_MODE = wholemodule;
			};
			name = Release;
		};
		6D1B289F2E20BF130029C565 /* Debug */ = {
			isa = XCBuildConfiguration;
			buildSettings = {
				ASSETCATALOG_COMPILER_APPICON_NAME = AppIcon;
				ASSETCATALOG_COMPILER_GLOBAL_ACCENT_COLOR_NAME = AccentColor;
				CODE_SIGN_ENTITLEMENTS = Simmer/Simmer.entitlements;
				CODE_SIGN_STYLE = Automatic;
				COMBINE_HIDPI_IMAGES = YES;
				CURRENT_PROJECT_VERSION = 13;
				DEVELOPMENT_ASSET_PATHS = "\"Simmer/Preview Content\"";
				DEVELOPMENT_TEAM = 99363R2JCD;
				ENABLE_HARDENED_RUNTIME = YES;
				ENABLE_PREVIEWS = YES;
				GENERATE_INFOPLIST_FILE = NO;
				INFOPLIST_FILE = Simmer/Info.plist;
				INFOPLIST_KEY_LSApplicationCategoryType = "public.app-category.developer-tools";
				INFOPLIST_KEY_LSUIElement = YES;
				INFOPLIST_KEY_NSHumanReadableCopyright = "";
				LD_RUNPATH_SEARCH_PATHS = (
					"$(inherited)",
					"@executable_path/../Frameworks",
				);
				MARKETING_VERSION = 1.6;
				PRODUCT_BUNDLE_IDENTIFIER = "com.scott-denowh.Simmer";
				PRODUCT_NAME = "$(TARGET_NAME)";
				SWIFT_EMIT_LOC_STRINGS = YES;
				SWIFT_VERSION = 5.0;
			};
			name = Debug;
		};
		6D1B28A02E20BF130029C565 /* Release */ = {
			isa = XCBuildConfiguration;
			buildSettings = {
				ASSETCATALOG_COMPILER_APPICON_NAME = AppIcon;
				ASSETCATALOG_COMPILER_GLOBAL_ACCENT_COLOR_NAME = AccentColor;
				CODE_SIGN_ENTITLEMENTS = Simmer/Simmer.entitlements;
				CODE_SIGN_STYLE = Automatic;
				COMBINE_HIDPI_IMAGES = YES;
				CURRENT_PROJECT_VERSION = 13;
				DEVELOPMENT_ASSET_PATHS = "\"Simmer/Preview Content\"";
				DEVELOPMENT_TEAM = 99363R2JCD;
				ENABLE_HARDENED_RUNTIME = YES;
				ENABLE_PREVIEWS = YES;
				GENERATE_INFOPLIST_FILE = NO;
				INFOPLIST_FILE = Simmer/Info.plist;
				INFOPLIST_KEY_LSApplicationCategoryType = "public.app-category.developer-tools";
				INFOPLIST_KEY_LSUIElement = YES;
				INFOPLIST_KEY_NSHumanReadableCopyright = "";
				LD_RUNPATH_SEARCH_PATHS = (
					"$(inherited)",
					"@executable_path/../Frameworks",
				);
				MARKETING_VERSION = 1.6;
				PRODUCT_BUNDLE_IDENTIFIER = "com.scott-denowh.Simmer";
				PRODUCT_NAME = "$(TARGET_NAME)";
				SWIFT_EMIT_LOC_STRINGS = YES;
				SWIFT_VERSION = 5.0;
			};
			name = Release;
		};
		6D1B28A22E20BF130029C565 /* Debug */ = {
			isa = XCBuildConfiguration;
			buildSettings = {
				BUNDLE_LOADER = "$(TEST_HOST)";
				CODE_SIGN_STYLE = Automatic;
				CURRENT_PROJECT_VERSION = 1;
				DEVELOPMENT_TEAM = 3HQQ3RTDTT;
				GENERATE_INFOPLIST_FILE = YES;
				MACOSX_DEPLOYMENT_TARGET = 15.2;
				MARKETING_VERSION = 1.0;
				PRODUCT_BUNDLE_IDENTIFIER = com.scottdenowh.SimmerTests;
				PRODUCT_NAME = "$(TARGET_NAME)";
				SWIFT_EMIT_LOC_STRINGS = NO;
				SWIFT_VERSION = 5.0;
				TEST_HOST = "$(BUILT_PRODUCTS_DIR)/Simmer.app/$(BUNDLE_EXECUTABLE_FOLDER_PATH)/Simmer";
			};
			name = Debug;
		};
		6D1B28A32E20BF130029C565 /* Release */ = {
			isa = XCBuildConfiguration;
			buildSettings = {
				BUNDLE_LOADER = "$(TEST_HOST)";
				CODE_SIGN_STYLE = Automatic;
				CURRENT_PROJECT_VERSION = 1;
				DEVELOPMENT_TEAM = 3HQQ3RTDTT;
				GENERATE_INFOPLIST_FILE = YES;
				MACOSX_DEPLOYMENT_TARGET = 15.2;
				MARKETING_VERSION = 1.0;
				PRODUCT_BUNDLE_IDENTIFIER = com.scottdenowh.SimmerTests;
				PRODUCT_NAME = "$(TARGET_NAME)";
				SWIFT_EMIT_LOC_STRINGS = NO;
				SWIFT_VERSION = 5.0;
				TEST_HOST = "$(BUILT_PRODUCTS_DIR)/Simmer.app/$(BUNDLE_EXECUTABLE_FOLDER_PATH)/Simmer";
			};
			name = Release;
		};
		6D1B28A52E20BF130029C565 /* Debug */ = {
			isa = XCBuildConfiguration;
			buildSettings = {
				CODE_SIGN_STYLE = Automatic;
				CURRENT_PROJECT_VERSION = 1;
				DEVELOPMENT_TEAM = 3HQQ3RTDTT;
				GENERATE_INFOPLIST_FILE = YES;
				MARKETING_VERSION = 1.0;
				PRODUCT_BUNDLE_IDENTIFIER = com.scottdenowh.SimmerUITests;
				PRODUCT_NAME = "$(TARGET_NAME)";
				SWIFT_EMIT_LOC_STRINGS = NO;
				SWIFT_VERSION = 5.0;
				TEST_TARGET_NAME = Simmer;
			};
			name = Debug;
		};
		6D1B28A62E20BF130029C565 /* Release */ = {
			isa = XCBuildConfiguration;
			buildSettings = {
				CODE_SIGN_STYLE = Automatic;
				CURRENT_PROJECT_VERSION = 1;
				DEVELOPMENT_TEAM = 3HQQ3RTDTT;
				GENERATE_INFOPLIST_FILE = YES;
				MARKETING_VERSION = 1.0;
				PRODUCT_BUNDLE_IDENTIFIER = com.scottdenowh.SimmerUITests;
				PRODUCT_NAME = "$(TARGET_NAME)";
				SWIFT_EMIT_LOC_STRINGS = NO;
				SWIFT_VERSION = 5.0;
				TEST_TARGET_NAME = Simmer;
			};
			name = Release;
		};
/* End XCBuildConfiguration section */

/* Begin XCConfigurationList section */
		6D1B28742E20BF120029C565 /* Build configuration list for PBXProject "Simmer" */ = {
			isa = XCConfigurationList;
			buildConfigurations = (
				6D1B289C2E20BF130029C565 /* Debug */,
				6D1B289D2E20BF130029C565 /* Release */,
			);
			defaultConfigurationIsVisible = 0;
			defaultConfigurationName = Release;
		};
		6D1B289E2E20BF130029C565 /* Build configuration list for PBXNativeTarget "Simmer" */ = {
			isa = XCConfigurationList;
			buildConfigurations = (
				6D1B289F2E20BF130029C565 /* Debug */,
				6D1B28A02E20BF130029C565 /* Release */,
			);
			defaultConfigurationIsVisible = 0;
			defaultConfigurationName = Release;
		};
		6D1B28A12E20BF130029C565 /* Build configuration list for PBXNativeTarget "SimmerTests" */ = {
			isa = XCConfigurationList;
			buildConfigurations = (
				6D1B28A22E20BF130029C565 /* Debug */,
				6D1B28A32E20BF130029C565 /* Release */,
			);
			defaultConfigurationIsVisible = 0;
			defaultConfigurationName = Release;
		};
		6D1B28A42E20BF130029C565 /* Build configuration list for PBXNativeTarget "SimmerUITests" */ = {
			isa = XCConfigurationList;
			buildConfigurations = (
				6D1B28A52E20BF130029C565 /* Debug */,
				6D1B28A62E20BF130029C565 /* Release */,
			);
			defaultConfigurationIsVisible = 0;
			defaultConfigurationName = Release;
		};
/* End XCConfigurationList section */
	};
	rootObject = 6D1B28712E20BF120029C565 /* Project object */;
}
